
Microsoft Visual Studio Solution File, Format Version 12.00
# Visual Studio Version 17
VisualStudioVersion = 17.9.34701.34
MinimumVisualStudioVersion = 10.0.40219.1
Project("{FAE04EC0-301F-11D3-BF4B-00C04F79EFBC}") = "PracticeProj", "PracticeProj.csproj", "{75548C72-DF63-4BC5-BDD2-1B0748AD0633}"
EndProject
Global
	GlobalSection(SolutionConfigurationPlatforms) = preSolution
		Debug|Any CPU = Debug|Any CPU
		Release|Any CPU = Release|Any CPU
	EndGlobalSection
	GlobalSection(ProjectConfigurationPlatforms) = postSolution
		{75548C72-DF63-4BC5-BDD2-1B0748AD0633}.Debug|Any CPU.ActiveCfg = Debug|Any CPU
		{75548C72-DF63-4BC5-BDD2-1B0748AD0633}.Debug|Any CPU.Build.0 = Debug|Any CPU
		{75548C72-DF63-4BC5-BDD2-1B0748AD0633}.Release|Any CPU.ActiveCfg = Release|Any CPU
		{75548C72-DF63-4BC5-BDD2-1B0748AD0633}.Release|Any CPU.Build.0 = Release|Any CPU
	EndGlobalSection
	GlobalSection(SolutionProperties) = preSolution
		HideSolutionNode = FALSE
	EndGlobalSection
	GlobalSection(ExtensibilityGlobals) = postSolution
		SolutionGuid = {1DC74B66-8318-44B5-84A7-87218724852F}
	EndGlobalSection
EndGlobal
